{
  "requires": true,
  "lockfileVersion": 1,
  "dependencies": {
    "@fontsource/league-gothic": {
      "version": "4.2.0",
      "resolved": "https://registry.npmjs.org/@fontsource/league-gothic/-/league-gothic-4.2.0.tgz",
      "integrity": "sha512-HJJc4lrd5df0Bu3vbzaXFIZn92et6wyDHkqHiTCv5Bcl6g37uIGOzdVOlYfQuPaxx5lOjfN3/euLqAXFhhKBXQ=="
    }
  }
}
